Microsoft Visual Studio Solution File, Format Version 12.00
# Visual Studio Version 17
VisualStudioVersion = 17.5.2.0
MinimumVisualStudioVersion = 10.0.40219.1
Project("{FAE04EC0-301F-11D3-BF4B-00C04F79EFBC}") = "IndicadoresApp", "IndicadoresApp.csproj", "{637E6B9C-1F78-6635-5027-CC038AD7CD2D}"
EndProject
Global
	GlobalSection(SolutionConfigurationPlatforms) = preSolution
		Debug|Any CPU = Debug|Any CPU
		Release|Any CPU = Release|Any CPU
	EndGlobalSection
	GlobalSection(ProjectConfigurationPlatforms) = postSolution
		{637E6B9C-1F78-6635-5027-CC038AD7CD2D}.Debug|Any CPU.ActiveCfg = Debug|Any CPU
		{637E6B9C-1F78-6635-5027-CC038AD7CD2D}.Debug|Any CPU.Build.0 = Debug|Any CPU
		{637E6B9C-1F78-6635-5027-CC038AD7CD2D}.Release|Any CPU.ActiveCfg = Release|Any CPU
		{637E6B9C-1F78-6635-5027-CC038AD7CD2D}.Release|Any CPU.Build.0 = Release|Any CPU
	EndGlobalSection
	GlobalSection(SolutionProperties) = preSolution
		HideSolutionNode = FALSE
	EndGlobalSection
	GlobalSection(ExtensibilityGlobals) = postSolution
		SolutionGuid = {E5DDB36D-BA03-4C6C-870A-093BF3C207FB}
	EndGlobalSection
EndGlobal
